// !$*UTF8*$!
{
	archiveVersion = 1;
	classes = {
	};
	objectVersion = 48;
	objects = {

/* Begin PBXBuildFile section */
		A67C38ED2062ADE800E92669 /* UICopyableLabel.swift in Sources */ = {isa = PBXBuildFile; fileRef = A67C38EC2062ADE800E92669 /* UICopyableLabel.swift */; };
		A67C38F02062B7E600E92669 /* PureLayout.framework in Frameworks */ = {isa = PBXBuildFile; fileRef = A67C38EF2062B7E600E92669 /* PureLayout.framework */; };
		A6EEE1602062AB24000EFAE3 /* AppDelegate.swift in Sources */ = {isa = PBXBuildFile; fileRef = A6EEE15F2062AB24000EFAE3 /* AppDelegate.swift */; };
		A6EEE1622062AB24000EFAE3 /* ViewController.swift in Sources */ = {isa = PBXBuildFile; fileRef = A6EEE1612062AB24000EFAE3 /* ViewController.swift */; };
		A6EEE1672062AB24000EFAE3 /* Assets.xcassets in Resources */ = {isa = PBXBuildFile; fileRef = A6EEE1662062AB24000EFAE3 /* Assets.xcassets */; };
		A6EEE16A2062AB24000EFAE3 /* LaunchScreen.storyboard in Resources */ = {isa = PBXBuildFile; fileRef = A6EEE1682062AB24000EFAE3 /* LaunchScreen.storyboard */; };
/* End PBXBuildFile section */

/* Begin PBXFileReference section */
		A67C38EC2062ADE800E92669 /* UICopyableLabel.swift */ = {isa = PBXFileReference; lastKnownFileType = sourcecode.swift; path = UICopyableLabel.swift; sourceTree = "<group>"; };
		A67C38EF2062B7E600E92669 /* PureLayout.framework */ = {isa = PBXFileReference; lastKnownFileType = wrapper.framework; name = PureLayout.framework; path = Carthage/Build/iOS/PureLayout.framework; sourceTree = "<group>"; };
		A6EEE15C2062AB24000EFAE3 /* UICopyableLabel.app */ = {isa = PBXFileReference; explicitFileType = wrapper.application; includeInIndex = 0; path = UICopyableLabel.app; sourceTree = BUILT_PRODUCTS_DIR; };
		A6EEE15F2062AB24000EFAE3 /* AppDelegate.swift */ = {isa = PBXFileReference; lastKnownFileType = sourcecode.swift; path = AppDelegate.swift; sourceTree = "<group>"; };
		A6EEE1612062AB24000EFAE3 /* ViewController.swift */ = {isa = PBXFileReference; lastKnownFileType = sourcecode.swift; path = ViewController.swift; sourceTree = "<group>"; };
		A6EEE1662062AB24000EFAE3 /* Assets.xcassets */ = {isa = PBXFileReference; lastKnownFileType = folder.assetcatalog; path = Assets.xcassets; sourceTree = "<group>"; };
		A6EEE1692062AB24000EFAE3 /* Base */ = {isa = PBXFileReference; lastKnownFileType = file.storyboard; name = Base; path = Base.lproj/LaunchScreen.storyboard; sourceTree = "<group>"; };
		A6EEE16B2062AB24000EFAE3 /* Info.plist */ = {isa = PBXFileReference; lastKnownFileType = text.plist.xml; path = Info.plist; sourceTree = "<group>"; };
/* End PBXFileReference section */

/* Begin PBXFrameworksBuildPhase section */
		A6EEE1592062AB24000EFAE3 /* Frameworks */ = {
			isa = PBXFrameworksBuildPhase;
			buildActionMask = 2147483647;
			files = (
				A67C38F02062B7E600E92669 /* PureLayout.framework in Frameworks */,
			);
			runOnlyForDeploymentPostprocessing = 0;
		};
/* End PBXFrameworksBuildPhase section */

/* Begin PBXGroup section */
		A67C38EE2062B7E600E92669 /* Frameworks */ = {
			isa = PBXGroup;
			children = (
				A67C38EF2062B7E600E92669 /* PureLayout.framework */,
			);
			name = Frameworks;
			sourceTree = "<group>";
		};
		A6EEE1532062AB24000EFAE3 = {
			isa = PBXGroup;
			children = (
				A6EEE15E2062AB24000EFAE3 /* UICopyableLabel */,
				A6EEE15D2062AB24000EFAE3 /* Products */,
				A67C38EE2062B7E600E92669 /* Frameworks */,
			);
			sourceTree = "<group>";
		};
		A6EEE15D2062AB24000EFAE3 /* Products */ = {
			isa = PBXGroup;
			children = (
				A6EEE15C2062AB24000EFAE3 /* UICopyableLabel.app */,
			);
			name = Products;
			sourceTree = "<group>";
		};
		A6EEE15E2062AB24000EFAE3 /* UICopyableLabel */ = {
			isa = PBXGroup;
			children = (
				A6EEE15F2062AB24000EFAE3 /* AppDelegate.swift */,
				A6EEE1612062AB24000EFAE3 /* ViewController.swift */,
				A6EEE1662062AB24000EFAE3 /* Assets.xcassets */,
				A6EEE1682062AB24000EFAE3 /* LaunchScreen.storyboard */,
				A6EEE16B2062AB24000EFAE3 /* Info.plist */,
				A67C38EC2062ADE800E92669 /* UICopyableLabel.swift */,
			);
			path = UICopyableLabel;
			sourceTree = "<group>";
		};
/* End PBXGroup section */

/* Begin PBXNativeTarget section */
		A6EEE15B2062AB24000EFAE3 /* UICopyableLabel */ = {
			isa = PBXNativeTarget;
			buildConfigurationList = A6EEE16E2062AB24000EFAE3 /* Build configuration list for PBXNativeTarget "UICopyableLabel" */;
			buildPhases = (
				A6EEE1582062AB24000EFAE3 /* Sources */,
				A6EEE1592062AB24000EFAE3 /* Frameworks */,
				A6EEE15A2062AB24000EFAE3 /* Resources */,
				A67C38F12062B86F00E92669 /* ShellScript */,
			);
			buildRules = (
			);
			dependencies = (
			);
			name = UICopyableLabel;
			productName = UICopyableLabel;
			productReference = A6EEE15C2062AB24000EFAE3 /* UICopyableLabel.app */;
			productType = "com.apple.product-type.application";
		};
/* End PBXNativeTarget section */

/* Begin PBXProject section */
		A6EEE1542062AB24000EFAE3 /* Project object */ = {
			isa = PBXProject;
			attributes = {
				LastSwiftUpdateCheck = 0920;
				LastUpgradeCheck = 0920;
				ORGANIZATIONNAME = "Daiki Katayama";
				TargetAttributes = {
					A6EEE15B2062AB24000EFAE3 = {
						CreatedOnToolsVersion = 9.2;
						ProvisioningStyle = Automatic;
					};
				};
			};
			buildConfigurationList = A6EEE1572062AB24000EFAE3 /* Build configuration list for PBXProject "UICopyableLabel" */;
			compatibilityVersion = "Xcode 8.0";
			developmentRegion = en;
			hasScannedForEncodings = 0;
			knownRegions = (
				en,
				Base,
			);
			mainGroup = A6EEE1532062AB24000EFAE3;
			productRefGroup = A6EEE15D2062AB24000EFAE3 /* Products */;
			projectDirPath = "";
			projectRoot = "";
			targets = (
				A6EEE15B2062AB24000EFAE3 /* UICopyableLabel */,
			);
		};
/* End PBXProject section */

/* Begin PBXResourcesBuildPhase section */
		A6EEE15A2062AB24000EFAE3 /* Resources */ = {
			isa = PBXResourcesBuildPhase;
			buildActionMask = 2147483647;
			files = (
				A6EEE16A2062AB24000EFAE3 /* LaunchScreen.storyboard in Resources */,
				A6EEE1672062AB24000EFAE3 /* Assets.xcassets in Resources */,
			);
			runOnlyForDeploymentPostprocessing = 0;
		};
/* End PBXResourcesBuildPhase section */

/* Begin PBXShellScriptBuildPhase section */
		A67C38F12062B86F00E92669 /* ShellScript */ = {
			isa = PBXShellScriptBuildPhase;
			buildActionMask = 2147483647;
			files = (
			);
			inputPaths = (
				"$(SRCROOT)/Carthage/Build/iOS/PureLayout.framework",
			);
			outputPaths = (
			);
			runOnlyForDeploymentPostprocessing = 0;
			shellPath = /bin/sh;
			shellScript = "/usr/local/bin/carthage copy-frameworks";
		};
/* End PBXShellScriptBuildPhase section */

/* Begin PBXSourcesBuildPhase section */
		A6EEE1582062AB24000EFAE3 /* Sources */ = {
			isa = PBXSourcesBuildPhase;
			buildActionMask = 2147483647;
			files = (
				A6EEE1622062AB24000EFAE3 /* ViewController.swift in Sources */,
				A6EEE1602062AB24000EFAE3 /* AppDelegate.swift in Sources */,
				A67C38ED2062ADE800E92669 /* UICopyableLabel.swift in Sources */,
			);
			runOnlyForDeploymentPostprocessing = 0;
		};
/* End PBXSourcesBuildPhase section */

/* Begin PBXVariantGroup section */
		A6EEE1682062AB24000EFAE3 /* LaunchScreen.storyboard */ = {
			isa = PBXVariantGroup;
			children = (
				A6EEE1692062AB24000EFAE3 /* Base */,
			);
			name = LaunchScreen.storyboard;
			sourceTree = "<group>";
		};
/* End PBXVariantGroup section */

/* Begin XCBuildConfiguration section */
		A6EEE16C2062AB24000EFAE3 /* Debug */ = {
			isa = XCBuildConfiguration;
			buildSettings = {
				ALWAYS_SEARCH_USER_PATHS = NO;
				CLANG_ANALYZER_NONNULL = YES;
				CLANG_ANALYZER_NUMBER_OBJECT_CONVERSION = YES_AGGRESSIVE;
				CLANG_CXX_LANGUAGE_STANDARD = "gnu++14";
				CLANG_CXX_LIBRARY = "libc++";
				CLANG_ENABLE_MODULES = YES;
				CLANG_ENABLE_OBJC_ARC = YES;
				CLANG_WARN_BLOCK_CAPTURE_AUTORELEASING = YES;
				CLANG_WARN_BOOL_CONVERSION = YES;
				CLANG_WARN_COMMA = YES;
				CLANG_WARN_CONSTANT_CONVERSION = YES;
				CLANG_WARN_DIRECT_OBJC_ISA_USAGE = YES_ERROR;
				CLANG_WARN_DOCUMENTATION_COMMENTS = YES;
				CLANG_WARN_EMPTY_BODY = YES;
				CLANG_WARN_ENUM_CONVERSION = YES;
				CLANG_WARN_INFINITE_RECURSION = YES;
				CLANG_WARN_INT_CONVERSION = YES;
				CLANG_WARN_NON_LITERAL_NULL_CONVERSION = YES;
				CLANG_WARN_OBJC_LITERAL_CONVERSION = YES;
				CLANG_WARN_OBJC_ROOT_CLASS = YES_ERROR;
				CLANG_WARN_RANGE_LOOP_ANALYSIS = YES;
				CLANG_WARN_STRICT_PROTOTYPES = YES;
				CLANG_WARN_SUSPICIOUS_MOVE = YES;
				CLANG_WARN_UNGUARDED_AVAILABILITY = YES_AGGRESSIVE;
				CLANG_WARN_UNREACHABLE_CODE = YES;
				CLANG_WARN__DUPLICATE_METHOD_MATCH = YES;
				CODE_SIGN_IDENTITY = "iPhone Developer";
				COPY_PHASE_STRIP = NO;
				DEBUG_INFORMATION_FORMAT = dwarf;
				ENABLE_STRICT_OBJC_MSGSEND = YES;
				ENABLE_TESTABILITY = YES;
				GCC_C_LANGUAGE_STANDARD = gnu11;
				GCC_DYNAMIC_NO_PIC = NO;
				GCC_NO_COMMON_BLOCKS = YES;
				GCC_OPTIMIZATION_LEVEL = 0;
				GCC_PREPROCESSOR_DEFINITIONS = (
					"DEBUG=1",
					"$(inherited)",
				);
				GCC_WARN_64_TO_32_BIT_CONVERSION = YES;
				GCC_WARN_ABOUT_RETURN_TYPE = YES_ERROR;
				GCC_WARN_UNDECLARED_SELECTOR = YES;
				GCC_WARN_UNINITIALIZED_AUTOS = YES_AGGRESSIVE;
				GCC_WARN_UNUSED_FUNCTION = YES;
				GCC_WARN_UNUSED_VARIABLE = YES;
				IPHONEOS_DEPLOYMENT_TARGET = 11.2;
				MTL_ENABLE_DEBUG_INFO = YES;
				ONLY_ACTIVE_ARCH = YES;
				SDKROOT = iphoneos;
				SWIFT_ACTIVE_COMPILATION_CONDITIONS = DEBUG;
				SWIFT_OPTIMIZATION_LEVEL = "-Onone";
			};
			name = Debug;
		};
		A6EEE16D2062AB24000EFAE3 /* Release */ = {
			isa = XCBuildConfiguration;
			buildSettings = {
				ALWAYS_SEARCH_USER_PATHS = NO;
				CLANG_ANALYZER_NONNULL = YES;
				CLANG_ANALYZER_NUMBER_OBJECT_CONVERSION = YES_AGGRESSIVE;
				CLANG_CXX_LANGUAGE_STANDARD = "gnu++14";
				CLANG_CXX_LIBRARY = "libc++";
				CLANG_ENABLE_MODULES = YES;
				CLANG_ENABLE_OBJC_ARC = YES;
				CLANG_WARN_BLOCK_CAPTURE_AUTORELEASING = YES;
				CLANG_WARN_BOOL_CONVERSION = YES;
				CLANG_WARN_COMMA = YES;
				CLANG_WARN_CONSTANT_CONVERSION = YES;
				CLANG_WARN_DIRECT_OBJC_ISA_USAGE = YES_ERROR;
				CLANG_WARN_DOCUMENTATION_COMMENTS = YES;
				CLANG_WARN_EMPTY_BODY = YES;
				CLANG_WARN_ENUM_CONVERSION = YES;
				CLANG_WARN_INFINITE_RECURSION = YES;
				CLANG_WARN_INT_CONVERSION = YES;
				CLANG_WARN_NON_LITERAL_NULL_CONVERSION = YES;
				CLANG_WARN_OBJC_LITERAL_CONVERSION = YES;
				CLANG_WARN_OBJC_ROOT_CLASS = YES_ERROR;
				CLANG_WARN_RANGE_LOOP_ANALYSIS = YES;
				CLANG_WARN_STRICT_PROTOTYPES = YES;
				CLANG_WARN_SUSPICIOUS_MOVE = YES;
				CLANG_WARN_UNGUARDED_AVAILABILITY = YES_AGGRESSIVE;
				CLANG_WARN_UNREACHABLE_CODE = YES;
				CLANG_WARN__DUPLICATE_METHOD_MATCH = YES;
				CODE_SIGN_IDENTITY = "iPhone Developer";
				COPY_PHASE_STRIP = NO;
				DEBUG_INFORMATION_FORMAT = "dwarf-with-dsym";
				ENABLE_NS_ASSERTIONS = NO;
				ENABLE_STRICT_OBJC_MSGSEND = YES;
				GCC_C_LANGUAGE_STANDARD = gnu11;
				GCC_NO_COMMON_BLOCKS = YES;
				GCC_WARN_64_TO_32_BIT_CONVERSION = YES;
				GCC_WARN_ABOUT_RETURN_TYPE = YES_ERROR;
				GCC_WARN_UNDECLARED_SELECTOR = YES;
				GCC_WARN_UNINITIALIZED_AUTOS = YES_AGGRESSIVE;
				GCC_WARN_UNUSED_FUNCTION = YES;
				GCC_WARN_UNUSED_VARIABLE = YES;
				IPHONEOS_DEPLOYMENT_TARGET = 11.2;
				MTL_ENABLE_DEBUG_INFO = NO;
				SDKROOT = iphoneos;
				SWIFT_OPTIMIZATION_LEVEL = "-Owholemodule";
				VALIDATE_PRODUCT = YES;
			};
			name = Release;
		};
		A6EEE16F2062AB24000EFAE3 /* Debug */ = {
			isa = XCBuildConfiguration;
			buildSettings = {
				ASSETCATALOG_COMPILER_APPICON_NAME = AppIcon;
				CODE_SIGN_STYLE = Automatic;
				DEVELOPMENT_TEAM = LKY5E3QCX4;
				FRAMEWORK_SEARCH_PATHS = (
					"$(inherited)",
					"$(PROJECT_DIR)/Carthage/Build/iOS",
				);
				INFOPLIST_FILE = UICopyableLabel/Info.plist;
				LD_RUNPATH_SEARCH_PATHS = "$(inherited) @executable_path/Frameworks";
				PRODUCT_BUNDLE_IDENTIFIER = daikikatayama.UICopyableLabel;
				PRODUCT_NAME = "$(TARGET_NAME)";
				SWIFT_VERSION = 4.0;
				TARGETED_DEVICE_FAMILY = "1,2";
			};
			name = Debug;
		};
		A6EEE1702062AB24000EFAE3 /* Release */ = {
			isa = XCBuildConfiguration;
			buildSettings = {
				ASSETCATALOG_COMPILER_APPICON_NAME = AppIcon;
				CODE_SIGN_STYLE = Automatic;
				DEVELOPMENT_TEAM = LKY5E3QCX4;
				FRAMEWORK_SEARCH_PATHS = (
					"$(inherited)",
					"$(PROJECT_DIR)/Carthage/Build/iOS",
				);
				INFOPLIST_FILE = UICopyableLabel/Info.plist;
				LD_RUNPATH_SEARCH_PATHS = "$(inherited) @executable_path/Frameworks";
				PRODUCT_BUNDLE_IDENTIFIER = daikikatayama.UICopyableLabel;
				PRODUCT_NAME = "$(TARGET_NAME)";
				SWIFT_VERSION = 4.0;
				TARGETED_DEVICE_FAMILY = "1,2";
			};
			name = Release;
		};
/* End XCBuildConfiguration section */

/* Begin XCConfigurationList section */
		A6EEE1572062AB24000EFAE3 /* Build configuration list for PBXProject "UICopyableLabel" */ = {
			isa = XCConfigurationList;
			buildConfigurations = (
				A6EEE16C2062AB24000EFAE3 /* Debug */,
				A6EEE16D2062AB24000EFAE3 /* Release */,
			);
			defaultConfigurationIsVisible = 0;
			defaultConfigurationName = Release;
		};
		A6EEE16E2062AB24000EFAE3 /* Build configuration list for PBXNativeTarget "UICopyableLabel" */ = {
			isa = XCConfigurationList;
			buildConfigurations = (
				A6EEE16F2062AB24000EFAE3 /* Debug */,
				A6EEE1702062AB24000EFAE3 /* Release */,
			);
			defaultConfigurationIsVisible = 0;
			defaultConfigurationName = Release;
		};
/* End XCConfigurationList section */
	};
	rootObject = A6EEE1542062AB24000EFAE3 /* Project object */;
}
